<Solution>
  <Folder Name="/Core/">
    <Project Path="Core/SignHub.Application/SignHub.Application.csproj" Id="0f8aa39c-c58b-41a9-97e1-7a84055b1bd4" />
    <Project Path="Core/SignHub.Domain/SignHub.Domain.csproj" Id="5c6f43c2-b5f9-4431-a987-6f75bfaa7a3e" />
  </Folder>
  <Folder Name="/Infrastructure/">
    <Project Path="Infrastructure/SignHub.Infrastructure/SignHub.Infrastructure.csproj" Id="151b9f04-648f-40dd-b60b-4f2add7623b3" />
    <Project Path="Infrastructure/SignHub.Persistence/SignHub.Persistence.csproj" Id="636d099c-87f2-4f70-8916-b7d86734c8b6" />
  </Folder>
  <Folder Name="/Presantation/">
    <Project Path="Presentation/SignHub.WebAPI/SignHub.WebAPI.csproj" Id="e31d8de1-9ec9-4bb6-9511-d8c40e836835" />
  </Folder>
</Solution>
